Microsoft Visual Studio Solution File, Format Version 12.00
# Visual Studio Version 17
VisualStudioVersion = 17.5.2.0
MinimumVisualStudioVersion = 10.0.40219.1
Project("{2150E333-8FDC-42A3-9474-1A3956D46DE8}") = "IADev", "IADev", "{D595958F-3B91-A541-6DD0-4939DEB118D0}"
EndProject
Project("{2150E333-8FDC-42A3-9474-1A3956D46DE8}") = "AgentsSkills", "AgentsSkills", "{FCCC38BD-AF11-F387-DB16-11A49DC11C90}"
EndProject
Project("{2150E333-8FDC-42A3-9474-1A3956D46DE8}") = "src", "src", "{047E1B86-0E34-E281-FEB6-1727C5ABB4F7}"
EndProject
Project("{FAE04EC0-301F-11D3-BF4B-00C04F79EFBC}") = "SalesApi", "IADev\AgentsSkills\src\SalesApi\SalesApi.csproj", "{D16EA074-3FC7-F17B-BFC6-AD8CC7AD2119}"
EndProject
Global
	GlobalSection(SolutionConfigurationPlatforms) = preSolution
		Debug|Any CPU = Debug|Any CPU
		Release|Any CPU = Release|Any CPU
	EndGlobalSection
	GlobalSection(ProjectConfigurationPlatforms) = postSolution
		{D16EA074-3FC7-F17B-BFC6-AD8CC7AD2119}.Debug|Any CPU.ActiveCfg = Debug|Any CPU
		{D16EA074-3FC7-F17B-BFC6-AD8CC7AD2119}.Debug|Any CPU.Build.0 = Debug|Any CPU
		{D16EA074-3FC7-F17B-BFC6-AD8CC7AD2119}.Release|Any CPU.ActiveCfg = Release|Any CPU
		{D16EA074-3FC7-F17B-BFC6-AD8CC7AD2119}.Release|Any CPU.Build.0 = Release|Any CPU
	EndGlobalSection
	GlobalSection(SolutionProperties) = preSolution
		HideSolutionNode = FALSE
	EndGlobalSection
	GlobalSection(NestedProjects) = preSolution
		{FCCC38BD-AF11-F387-DB16-11A49DC11C90} = {D595958F-3B91-A541-6DD0-4939DEB118D0}
		{047E1B86-0E34-E281-FEB6-1727C5ABB4F7} = {FCCC38BD-AF11-F387-DB16-11A49DC11C90}
		{D16EA074-3FC7-F17B-BFC6-AD8CC7AD2119} = {047E1B86-0E34-E281-FEB6-1727C5ABB4F7}
	EndGlobalSection
	GlobalSection(ExtensibilityGlobals) = postSolution
		SolutionGuid = {7F5D4EFC-3CFC-4B54-9328-0578DAA17611}
	EndGlobalSection
EndGlobal
